{
  "meteor": {},
  "dependencies": {
    "basePackages": {
      "iron-router": {},
      "accounts-ui-bootstrap-dropdown": {},
      "iron-router-resource": {},
      "iron-router-active": {},
      "iron-router-auth": {},
      "bootstrap3-less": {},
      "autoform": {},
      "jade": {}
    },
    "packages": {
      "iron-router": {
        "git": "https://github.com/EventedMind/iron-router.git",
        "tag": "v0.7.1",
        "commit": "d1ffb3f06ea4c112132b030f2eb1a70b81675ecb"
      },
      "accounts-ui-bootstrap-dropdown": {
        "git": "https://github.com/erobit/meteor-accounts-ui-bootstrap-dropdown.git",
        "tag": "v0.8.3",
        "commit": "a7af8a52e4e74db020a69b158a8f992797b8b0b0"
      },
      "iron-router-resource": {
        "git": "https://github.com/XpressiveCode/iron-router-resource.git",
        "tag": "v0.2.2",
        "commit": "66522fc794250569ccfb653494b75c9a4feffe98"
      },
      "iron-router-active": {
        "git": "https://github.com/XpressiveCode/iron-router-active.git",
        "tag": "v0.2.0",
        "commit": "1b05aad5325c3dfdb5186b9c288aa53013d767b8"
      },
      "iron-router-auth": {
        "git": "https://github.com/XpressiveCode/iron-router-auth.git",
        "tag": "v0.2.1",
        "commit": "39b5d70326536641bc50a184d195aa3ac49ff4a5"
      },
      "bootstrap3-less": {
        "git": "https://github.com/simison/bootstrap3-less",
        "tag": "v0.2.1",
        "commit": "dc94a51ed00d7de6d6f2b6d65107a876d849ad61"
      },
      "autoform": {
        "git": "https://github.com/aldeed/meteor-autoform.git",
        "tag": "v0.15.1",
        "commit": "723aed684ef9d16e94424cde6389b8e4a03d546e"
      },
      "jade": {
        "git": "https://github.com/mquandalle/meteor-jade.git",
        "tag": "v0.2.4",
        "commit": "a47a4c59daaa57e7fe5f1544d4ea76d95a5c9abf"
      },
      "blaze-layout": {
        "git": "https://github.com/EventedMind/blaze-layout.git",
        "tag": "v0.2.4",
        "commit": "b40e9b0612329288d75cf52ad14a7da64bb8618f"
      },
      "simple-schema": {
        "git": "https://github.com/aldeed/meteor-simple-schema.git",
        "tag": "v0.6.0",
        "commit": "418ec496612fb2afc853e342f0d2269b6674a2fe"
      },
      "collection2": {
        "git": "https://github.com/aldeed/meteor-collection2.git",
        "tag": "v0.4.2",
        "commit": "4ff4b707bec8be434919730bf101325adb215444"
      },
      "moment": {
        "git": "https://github.com/acreeger/meteor-moment.git",
        "tag": "v2.6.0",
        "commit": "26156df681750fd6e6ed77043eef32b6653ebbdf"
      }
    }
  }
}
